
Microsoft Visual Studio Solution File, Format Version 12.00
# Visual Studio Version 17
VisualStudioVersion = 17.12.35527.113
MinimumVisualStudioVersion = 10.0.40219.1
Project("{FAE04EC0-301F-11D3-BF4B-00C04F79EFBC}") = "common", "assignment4_oop\common.csproj", "{24EF10D0-9392-49D5-8147-197D06F2DEA9}"
EndProject
Project("{FAE04EC0-301F-11D3-BF4B-00C04F79EFBC}") = "assin4", "assin4\assin4.csproj", "{5D6C5760-0A76-4829-8C86-DF7B3AB2AE7C}"
EndProject
Global
	GlobalSection(SolutionConfigurationPlatforms) = preSolution
		Debug|Any CPU = Debug|Any CPU
		Release|Any CPU = Release|Any CPU
	EndGlobalSection
	GlobalSection(ProjectConfigurationPlatforms) = postSolution
		{24EF10D0-9392-49D5-8147-197D06F2DEA9}.Debug|Any CPU.ActiveCfg = Debug|Any CPU
		{24EF10D0-9392-49D5-8147-197D06F2DEA9}.Debug|Any CPU.Build.0 = Debug|Any CPU
		{24EF10D0-9392-49D5-8147-197D06F2DEA9}.Release|Any CPU.ActiveCfg = Release|Any CPU
		{24EF10D0-9392-49D5-8147-197D06F2DEA9}.Release|Any CPU.Build.0 = Release|Any CPU
		{5D6C5760-0A76-4829-8C86-DF7B3AB2AE7C}.Debug|Any CPU.ActiveCfg = Debug|Any CPU
		{5D6C5760-0A76-4829-8C86-DF7B3AB2AE7C}.Debug|Any CPU.Build.0 = Debug|Any CPU
		{5D6C5760-0A76-4829-8C86-DF7B3AB2AE7C}.Release|Any CPU.ActiveCfg = Release|Any CPU
		{5D6C5760-0A76-4829-8C86-DF7B3AB2AE7C}.Release|Any CPU.Build.0 = Release|Any CPU
	EndGlobalSection
	GlobalSection(SolutionProperties) = preSolution
		HideSolutionNode = FALSE
	EndGlobalSection
EndGlobal
